
Microsoft Visual Studio Solution File, Format Version 12.00
# Visual Studio 15
VisualStudioVersion = 15.0.27004.2005
MinimumVisualStudioVersion = 10.0.40219.1
Project("{9A19103F-16F7-4668-BE54-9A1E7A4F7556}") = "Web1", "src\apps\Web1\Web1.csproj", "{15B2790C-98FB-4272-BF1C-137616B77AA9}"
EndProject
Project("{9A19103F-16F7-4668-BE54-9A1E7A4F7556}") = "Web2", "src\apps\Web2\Web2.csproj", "{45195A4D-5D2A-450D-96AB-F25D38DC2951}"
EndProject
Project("{9A19103F-16F7-4668-BE54-9A1E7A4F7556}") = "Store", "src\libs\Store\Store.csproj", "{5E3CE36D-C25C-40CA-A31C-C94C75FBC998}"
EndProject
Project("{9A19103F-16F7-4668-BE54-9A1E7A4F7556}") = "StoreTests", "Tests\StoreTests\StoreTests.csproj", "{7D0C6BB1-F4E1-4D38-ACC0-EADB39B40F74}"
EndProject
Project("{9A19103F-16F7-4668-BE54-9A1E7A4F7556}") = "Web1Tests", "Tests\Web1Tests\Web1Tests.csproj", "{F9B9E955-AC65-470D-BD7A-EA289E64B1EE}"
EndProject
Project("{2150E333-8FDC-42A3-9474-1A3956D46DE8}") = "Tests", "Tests", "{DEAC7AAF-3C9A-42C2-8CA8-B7B12C717602}"
EndProject
Global
	GlobalSection(SolutionConfigurationPlatforms) = preSolution
		Debug|Any CPU = Debug|Any CPU
		Release|Any CPU = Release|Any CPU
	EndGlobalSection
	GlobalSection(ProjectConfigurationPlatforms) = postSolution
		{15B2790C-98FB-4272-BF1C-137616B77AA9}.Debug|Any CPU.ActiveCfg = Debug|Any CPU
		{15B2790C-98FB-4272-BF1C-137616B77AA9}.Debug|Any CPU.Build.0 = Debug|Any CPU
		{15B2790C-98FB-4272-BF1C-137616B77AA9}.Release|Any CPU.ActiveCfg = Release|Any CPU
		{15B2790C-98FB-4272-BF1C-137616B77AA9}.Release|Any CPU.Build.0 = Release|Any CPU
		{45195A4D-5D2A-450D-96AB-F25D38DC2951}.Debug|Any CPU.ActiveCfg = Debug|Any CPU
		{45195A4D-5D2A-450D-96AB-F25D38DC2951}.Debug|Any CPU.Build.0 = Debug|Any CPU
		{45195A4D-5D2A-450D-96AB-F25D38DC2951}.Release|Any CPU.ActiveCfg = Release|Any CPU
		{45195A4D-5D2A-450D-96AB-F25D38DC2951}.Release|Any CPU.Build.0 = Release|Any CPU
		{5E3CE36D-C25C-40CA-A31C-C94C75FBC998}.Debug|Any CPU.ActiveCfg = Debug|Any CPU
		{5E3CE36D-C25C-40CA-A31C-C94C75FBC998}.Debug|Any CPU.Build.0 = Debug|Any CPU
		{5E3CE36D-C25C-40CA-A31C-C94C75FBC998}.Release|Any CPU.ActiveCfg = Release|Any CPU
		{5E3CE36D-C25C-40CA-A31C-C94C75FBC998}.Release|Any CPU.Build.0 = Release|Any CPU
		{7D0C6BB1-F4E1-4D38-ACC0-EADB39B40F74}.Debug|Any CPU.ActiveCfg = Debug|Any CPU
		{7D0C6BB1-F4E1-4D38-ACC0-EADB39B40F74}.Debug|Any CPU.Build.0 = Debug|Any CPU
		{7D0C6BB1-F4E1-4D38-ACC0-EADB39B40F74}.Release|Any CPU.ActiveCfg = Release|Any CPU
		{7D0C6BB1-F4E1-4D38-ACC0-EADB39B40F74}.Release|Any CPU.Build.0 = Release|Any CPU
		{F9B9E955-AC65-470D-BD7A-EA289E64B1EE}.Debug|Any CPU.ActiveCfg = Debug|Any CPU
		{F9B9E955-AC65-470D-BD7A-EA289E64B1EE}.Debug|Any CPU.Build.0 = Debug|Any CPU
		{F9B9E955-AC65-470D-BD7A-EA289E64B1EE}.Release|Any CPU.ActiveCfg = Release|Any CPU
		{F9B9E955-AC65-470D-BD7A-EA289E64B1EE}.Release|Any CPU.Build.0 = Release|Any CPU
	EndGlobalSection
	GlobalSection(SolutionProperties) = preSolution
		HideSolutionNode = FALSE
	EndGlobalSection
	GlobalSection(NestedProjects) = preSolution
		{7D0C6BB1-F4E1-4D38-ACC0-EADB39B40F74} = {DEAC7AAF-3C9A-42C2-8CA8-B7B12C717602}
		{F9B9E955-AC65-470D-BD7A-EA289E64B1EE} = {DEAC7AAF-3C9A-42C2-8CA8-B7B12C717602}
	EndGlobalSection
	GlobalSection(ExtensibilityGlobals) = postSolution
		SolutionGuid = {BBDD61C3-2314-47CA-9AE0-710B7B3F0C18}
	EndGlobalSection
EndGlobal
